
Microsoft Visual Studio Solution File, Format Version 12.00
# Visual Studio 15
VisualStudioVersion = 15.0.26730.16
MinimumVisualStudioVersion = 10.0.40219.1
Project("{FAE04EC0-301F-11D3-BF4B-00C04F79EFBC}") = "EntityCodeFirst", "EntityCodeFirst\EntityCodeFirst.csproj", "{2566EE8F-B9F3-477A-84D4-C1E9469446B2}"
EndProject
Project("{FAE04EC0-301F-11D3-BF4B-00C04F79EFBC}") = "EntityCodeFirst.Tests", "EntityCodeFirst.Tests\EntityCodeFirst.Tests.csproj", "{964BE5FB-B7E3-456C-9761-823E119784E5}"
EndProject
Global
	GlobalSection(SolutionConfigurationPlatforms) = preSolution
		Debug|Any CPU = Debug|Any CPU
		Release|Any CPU = Release|Any CPU
	EndGlobalSection
	GlobalSection(ProjectConfigurationPlatforms) = postSolution
		{2566EE8F-B9F3-477A-84D4-C1E9469446B2}.Debug|Any CPU.ActiveCfg = Debug|Any CPU
		{2566EE8F-B9F3-477A-84D4-C1E9469446B2}.Debug|Any CPU.Build.0 = Debug|Any CPU
		{2566EE8F-B9F3-477A-84D4-C1E9469446B2}.Release|Any CPU.ActiveCfg = Release|Any CPU
		{2566EE8F-B9F3-477A-84D4-C1E9469446B2}.Release|Any CPU.Build.0 = Release|Any CPU
		{964BE5FB-B7E3-456C-9761-823E119784E5}.Debug|Any CPU.ActiveCfg = Debug|Any CPU
		{964BE5FB-B7E3-456C-9761-823E119784E5}.Debug|Any CPU.Build.0 = Debug|Any CPU
		{964BE5FB-B7E3-456C-9761-823E119784E5}.Release|Any CPU.ActiveCfg = Release|Any CPU
		{964BE5FB-B7E3-456C-9761-823E119784E5}.Release|Any CPU.Build.0 = Release|Any CPU
	EndGlobalSection
	GlobalSection(SolutionProperties) = preSolution
		HideSolutionNode = FALSE
	EndGlobalSection
	GlobalSection(ExtensibilityGlobals) = postSolution
		SolutionGuid = {DACC4F88-803D-488A-8494-621223B530E0}
	EndGlobalSection
EndGlobal
